
Microsoft Visual Studio Solution File, Format Version 12.00
# Visual Studio Version 17
VisualStudioVersion = 17.8.34330.188
MinimumVisualStudioVersion = 10.0.40219.1
Project("{FAE04EC0-301F-11D3-BF4B-00C04F79EFBC}") = "cd_shop", "cd_shop\cd_shop.csproj", "{90292BCE-E89C-4EF7-990D-EC83D68B7581}"
EndProject
Global
	GlobalSection(SolutionConfigurationPlatforms) = preSolution
		Debug|Any CPU = Debug|Any CPU
		Release|Any CPU = Release|Any CPU
	EndGlobalSection
	GlobalSection(ProjectConfigurationPlatforms) = postSolution
		{90292BCE-E89C-4EF7-990D-EC83D68B7581}.Debug|Any CPU.ActiveCfg = Debug|Any CPU
		{90292BCE-E89C-4EF7-990D-EC83D68B7581}.Debug|Any CPU.Build.0 = Debug|Any CPU
		{90292BCE-E89C-4EF7-990D-EC83D68B7581}.Release|Any CPU.ActiveCfg = Release|Any CPU
		{90292BCE-E89C-4EF7-990D-EC83D68B7581}.Release|Any CPU.Build.0 = Release|Any CPU
	EndGlobalSection
	GlobalSection(SolutionProperties) = preSolution
		HideSolutionNode = FALSE
	EndGlobalSection
	GlobalSection(ExtensibilityGlobals) = postSolution
		SolutionGuid = {B52C19E3-8202-4B16-8740-6C6F78F94717}
	EndGlobalSection
EndGlobal
